Microsoft Visual Studio Solution File, Format Version 12.00
# Visual Studio Version 17
VisualStudioVersion = 17.0.31903.59
MinimumVisualStudioVersion = 10.0.40219.1
Project("{FAE04EC0-301F-11D3-BF4B-00C04F79EFBC}") = "TransactionSyncService", "src/TransactionSyncService/TransactionSyncService.csproj", "{4A62A2B6-58CC-40D1-B528-4D479D4CE1BA}"
EndProject
Project("{FAE04EC0-301F-11D3-BF4B-00C04F79EFBC}") = "TransactionSyncCentralApi", "src/TransactionSyncCentralApi/TransactionSyncCentralApi.csproj", "{AB7B8D79-56A2-4C39-96A3-D4B8F2D3D6D3}"
EndProject
Global
	GlobalSection(SolutionConfigurationPlatforms) = preSolution
		Debug|Any CPU = Debug|Any CPU
		Release|Any CPU = Release|Any CPU
	EndGlobalSection
	GlobalSection(ProjectConfigurationPlatforms) = postSolution
		{4A62A2B6-58CC-40D1-B528-4D479D4CE1BA}.Debug|Any CPU.ActiveCfg = Debug|Any CPU
		{4A62A2B6-58CC-40D1-B528-4D479D4CE1BA}.Debug|Any CPU.Build.0 = Debug|Any CPU
		{4A62A2B6-58CC-40D1-B528-4D479D4CE1BA}.Release|Any CPU.ActiveCfg = Release|Any CPU
		{4A62A2B6-58CC-40D1-B528-4D479D4CE1BA}.Release|Any CPU.Build.0 = Release|Any CPU
		{AB7B8D79-56A2-4C39-96A3-D4B8F2D3D6D3}.Debug|Any CPU.ActiveCfg = Debug|Any CPU
		{AB7B8D79-56A2-4C39-96A3-D4B8F2D3D6D3}.Debug|Any CPU.Build.0 = Debug|Any CPU
		{AB7B8D79-56A2-4C39-96A3-D4B8F2D3D6D3}.Release|Any CPU.ActiveCfg = Release|Any CPU
		{AB7B8D79-56A2-4C39-96A3-D4B8F2D3D6D3}.Release|Any CPU.Build.0 = Release|Any CPU
	EndGlobalSection
	GlobalSection(SolutionProperties) = preSolution
		HideSolutionNode = FALSE
	EndGlobalSection
EndGlobal
